// !$*UTF8*$!
{
	archiveVersion = 1;
	classes = {
	};
	objectVersion = 77;
	objects = {

/* Begin PBXBuildFile section */
		431E558819D4ECFDC4D3D01D /* project.yml in Resources */ = {isa = PBXBuildFile; fileRef = 08EEF9EF26A5DD088BE18628 /* project.yml */; };
		4C8921152B4C366F97340422 /* ContentView.swift in Sources */ = {isa = PBXBuildFile; fileRef = 79EB7DB69734CE91CCACDC4D /* ContentView.swift */; };
		79BCAAAF33DFED52DD58D3CC /* AppState.swift in Sources */ = {isa = PBXBuildFile; fileRef = 50DEBC2E8AD33217C0148B09 /* AppState.swift */; };
		B5CE6DF22CB8BCD7AB120EE4 /* Assets.xcassets in Resources */ = {isa = PBXBuildFile; fileRef = 2ED7F5861348C3EF6D811A10 /* Assets.xcassets */; };
		E7846D914610961DE18DB31D /* MouseInverterApp.swift in Sources */ = {isa = PBXBuildFile; fileRef = 7D6CAEE9774032C2B94E34A7 /* MouseInverterApp.swift */; };
		F72A8C5764F1CD901EE9EB6E /* MouseInverterService.swift in Sources */ = {isa = PBXBuildFile; fileRef = 934A41709EC994143CE287F8 /* MouseInverterService.swift */; };
/* End PBXBuildFile section */

/* Begin PBXFileReference section */
		08EEF9EF26A5DD088BE18628 /* project.yml */ = {isa = PBXFileReference; lastKnownFileType = text.yaml; path = project.yml; sourceTree = "<group>"; };
		2ED7F5861348C3EF6D811A10 /* Assets.xcassets */ = {isa = PBXFileReference; lastKnownFileType = folder.assetcatalog; path = Assets.xcassets; sourceTree = "<group>"; };
		50DEBC2E8AD33217C0148B09 /* AppState.swift */ = {isa = PBXFileReference; lastKnownFileType = sourcecode.swift; path = AppState.swift; sourceTree = "<group>"; };
		6BABB43D13DAD92D62C7B844 /* Info.plist */ = {isa = PBXFileReference; lastKnownFileType = text.plist; path = Info.plist; sourceTree = "<group>"; };
		79EB7DB69734CE91CCACDC4D /* ContentView.swift */ = {isa = PBXFileReference; lastKnownFileType = sourcecode.swift; path = ContentView.swift; sourceTree = "<group>"; };
		7D6CAEE9774032C2B94E34A7 /* MouseInverterApp.swift */ = {isa = PBXFileReference; lastKnownFileType = sourcecode.swift; path = MouseInverterApp.swift; sourceTree = "<group>"; };
		934A41709EC994143CE287F8 /* MouseInverterService.swift */ = {isa = PBXFileReference; lastKnownFileType = sourcecode.swift; path = MouseInverterService.swift; sourceTree = "<group>"; };
		AFD8718CA3D639C16C87AE97 /* MouseInverter.app */ = {isa = PBXFileReference; explicitFileType = wrapper.application; includeInIndex = 0; path = MouseInverter.app; sourceTree = BUILT_PRODUCTS_DIR; };
/* End PBXFileReference section */

/* Begin PBXGroup section */
		8399F3C518A93BAACF587118 = {
			isa = PBXGroup;
			children = (
				DE54D6E08C5700CE97CBF6C8 /* MouseInverterMenuBar */,
				908242602E1046306C188E04 /* Products */,
			);
			sourceTree = "<group>";
		};
		908242602E1046306C188E04 /* Products */ = {
			isa = PBXGroup;
			children = (
				AFD8718CA3D639C16C87AE97 /* MouseInverter.app */,
			);
			name = Products;
			sourceTree = "<group>";
		};
		DE54D6E08C5700CE97CBF6C8 /* MouseInverterMenuBar */ = {
			isa = PBXGroup;
			children = (
				50DEBC2E8AD33217C0148B09 /* AppState.swift */,
				2ED7F5861348C3EF6D811A10 /* Assets.xcassets */,
				79EB7DB69734CE91CCACDC4D /* ContentView.swift */,
				6BABB43D13DAD92D62C7B844 /* Info.plist */,
				7D6CAEE9774032C2B94E34A7 /* MouseInverterApp.swift */,
				934A41709EC994143CE287F8 /* MouseInverterService.swift */,
				08EEF9EF26A5DD088BE18628 /* project.yml */,
			);
			name = MouseInverterMenuBar;
			path = .;
			sourceTree = "<group>";
		};
/* End PBXGroup section */

/* Begin PBXNativeTarget section */
		56F8C2B08E25D9D27C419479 /* MouseInverter */ = {
			isa = PBXNativeTarget;
			buildConfigurationList = B5F9CDD196B1A6520ED8F902 /* Build configuration list for PBXNativeTarget "MouseInverter" */;
			buildPhases = (
				911C43D3975CFA4F82EE0870 /* Sources */,
				3F2385C199576539E137BBA2 /* Resources */,
			);
			buildRules = (
			);
			dependencies = (
			);
			name = MouseInverter;
			packageProductDependencies = (
			);
			productName = MouseInverter;
			productReference = AFD8718CA3D639C16C87AE97 /* MouseInverter.app */;
			productType = "com.apple.product-type.application";
		};
/* End PBXNativeTarget section */

/* Begin PBXProject section */
		349640845C71CE5F1F8A23CC /* Project object */ = {
			isa = PBXProject;
			attributes = {
				BuildIndependentTargetsInParallel = YES;
				LastUpgradeCheck = 1500;
				TargetAttributes = {
					56F8C2B08E25D9D27C419479 = {
						DevelopmentTeam = "";
						ProvisioningStyle = Automatic;
					};
				};
			};
			buildConfigurationList = 5A6931DE7412D472E27C2808 /* Build configuration list for PBXProject "MouseInverter" */;
			developmentRegion = en;
			hasScannedForEncodings = 0;
			knownRegions = (
				Base,
				en,
			);
			mainGroup = 8399F3C518A93BAACF587118;
			minimizedProjectReferenceProxies = 1;
			preferredProjectObjectVersion = 77;
			productRefGroup = 908242602E1046306C188E04 /* Products */;
			projectDirPath = "";
			projectRoot = "";
			targets = (
				56F8C2B08E25D9D27C419479 /* MouseInverter */,
			);
		};
/* End PBXProject section */

/* Begin PBXResourcesBuildPhase section */
		3F2385C199576539E137BBA2 /* Resources */ = {
			isa = PBXResourcesBuildPhase;
			buildActionMask = 2147483647;
			files = (
				B5CE6DF22CB8BCD7AB120EE4 /* Assets.xcassets in Resources */,
				431E558819D4ECFDC4D3D01D /* project.yml in Resources */,
			);
			runOnlyForDeploymentPostprocessing = 0;
		};
/* End PBXResourcesBuildPhase section */

/* Begin PBXSourcesBuildPhase section */
		911C43D3975CFA4F82EE0870 /* Sources */ = {
			isa = PBXSourcesBuildPhase;
			buildActionMask = 2147483647;
			files = (
				79BCAAAF33DFED52DD58D3CC /* AppState.swift in Sources */,
				4C8921152B4C366F97340422 /* ContentView.swift in Sources */,
				E7846D914610961DE18DB31D /* MouseInverterApp.swift in Sources */,
				F72A8C5764F1CD901EE9EB6E /* MouseInverterService.swift in Sources */,
			);
			runOnlyForDeploymentPostprocessing = 0;
		};
/* End PBXSourcesBuildPhase section */

/* Begin XCBuildConfiguration section */
		285AC597A66024F64171381E /* Release */ = {
			isa = XCBuildConfiguration;
			buildSettings = {
				ASSETCATALOG_COMPILER_APPICON_NAME = AppIcon;
				CODE_SIGN_STYLE = Automatic;
				COMBINE_HIDPI_IMAGES = YES;
				DEVELOPMENT_TEAM = "";
				INFOPLIST_FILE = Info.plist;
				LD_RUNPATH_SEARCH_PATHS = (
					"$(inherited)",
					"@executable_path/../Frameworks",
				);
				MACOSX_DEPLOYMENT_TARGET = 13.0;
				PRODUCT_BUNDLE_IDENTIFIER = "com.vihv.mouse-inverter";
				PRODUCT_NAME = MouseInverter;
				SDKROOT = macosx;
				SUPPORTS_MACCATALYST = NO;
			};
			name = Release;
		};
		5689B855992B1EBA2AC2B950 /* Release */ = {
			isa = XCBuildConfiguration;
			buildSettings = {
				ALWAYS_SEARCH_USER_PATHS = NO;
				CLANG_ANALYZER_NONNULL = YES;
				CLANG_ANALYZER_NUMBER_OBJECT_CONVERSION = YES_AGGRESSIVE;
				CLANG_CXX_LANGUAGE_STANDARD = "gnu++14";
				CLANG_CXX_LIBRARY = "libc++";
				CLANG_ENABLE_MODULES = YES;
				CLANG_ENABLE_OBJC_ARC = YES;
				CLANG_ENABLE_OBJC_WEAK = YES;
				CLANG_WARN_BLOCK_CAPTURE_AUTORELEASING = YES;
				CLANG_WARN_BOOL_CONVERSION = YES;
				CLANG_WARN_COMMA = YES;
				CLANG_WARN_CONSTANT_CONVERSION = YES;
				CLANG_WARN_DEPRECATED_OBJC_IMPLEMENTATIONS = YES;
				CLANG_WARN_DIRECT_OBJC_ISA_USAGE = YES_ERROR;
				CLANG_WARN_DOCUMENTATION_COMMENTS = YES;
				CLANG_WARN_EMPTY_BODY = YES;
				CLANG_WARN_ENUM_CONVERSION = YES;
				CLANG_WARN_INFINITE_RECURSION = YES;
				CLANG_WARN_INT_CONVERSION = YES;
				CLANG_WARN_NON_LITERAL_NULL_CONVERSION = YES;
				CLANG_WARN_OBJC_IMPLICIT_RETAIN_SELF = YES;
				CLANG_WARN_OBJC_LITERAL_CONVERSION = YES;
				CLANG_WARN_OBJC_ROOT_CLASS = YES_ERROR;
				CLANG_WARN_QUOTED_INCLUDE_IN_FRAMEWORK_HEADER = YES;
				CLANG_WARN_RANGE_LOOP_ANALYSIS = YES;
				CLANG_WARN_STRICT_PROTOTYPES = YES;
				CLANG_WARN_SUSPICIOUS_MOVE = YES;
				CLANG_WARN_UNGUARDED_AVAILABILITY = YES_AGGRESSIVE;
				CLANG_WARN_UNREACHABLE_CODE = YES;
				CLANG_WARN__DUPLICATE_METHOD_MATCH = YES;
				COPY_PHASE_STRIP = NO;
				DEBUG_INFORMATION_FORMAT = "dwarf-with-dsym";
				ENABLE_NS_ASSERTIONS = NO;
				ENABLE_STRICT_OBJC_MSGSEND = YES;
				GCC_C_LANGUAGE_STANDARD = gnu11;
				GCC_NO_COMMON_BLOCKS = YES;
				GCC_WARN_64_TO_32_BIT_CONVERSION = YES;
				GCC_WARN_ABOUT_RETURN_TYPE = YES_ERROR;
				GCC_WARN_UNDECLARED_SELECTOR = YES;
				GCC_WARN_UNINITIALIZED_AUTOS = YES_AGGRESSIVE;
				GCC_WARN_UNUSED_FUNCTION = YES;
				GCC_WARN_UNUSED_VARIABLE = YES;
				MACOSX_DEPLOYMENT_TARGET = 13.0;
				MTL_ENABLE_DEBUG_INFO = NO;
				MTL_FAST_MATH = YES;
				PRODUCT_NAME = "$(TARGET_NAME)";
				SDKROOT = macosx;
				SWIFT_COMPILATION_MODE = wholemodule;
				SWIFT_OPTIMIZATION_LEVEL = "-O";
				SWIFT_VERSION = 5.9;
			};
			name = Release;
		};
		AD1D170F10F29C911278F4B6 /* Debug */ = {
			isa = XCBuildConfiguration;
			buildSettings = {
				ASSETCATALOG_COMPILER_APPICON_NAME = AppIcon;
				CODE_SIGN_STYLE = Automatic;
				COMBINE_HIDPI_IMAGES = YES;
				DEVELOPMENT_TEAM = "";
				INFOPLIST_FILE = Info.plist;
				LD_RUNPATH_SEARCH_PATHS = (
					"$(inherited)",
					"@executable_path/../Frameworks",
				);
				MACOSX_DEPLOYMENT_TARGET = 13.0;
				PRODUCT_BUNDLE_IDENTIFIER = "com.vihv.mouse-inverter";
				PRODUCT_NAME = MouseInverter;
				SDKROOT = macosx;
				SUPPORTS_MACCATALYST = NO;
			};
			name = Debug;
		};
		FA7005EA19C319D47E42D344 /* Debug */ = {
			isa = XCBuildConfiguration;
			buildSettings = {
				ALWAYS_SEARCH_USER_PATHS = NO;
				CLANG_ANALYZER_NONNULL = YES;
				CLANG_ANALYZER_NUMBER_OBJECT_CONVERSION = YES_AGGRESSIVE;
				CLANG_CXX_LANGUAGE_STANDARD = "gnu++14";
				CLANG_CXX_LIBRARY = "libc++";
				CLANG_ENABLE_MODULES = YES;
				CLANG_ENABLE_OBJC_ARC = YES;
				CLANG_ENABLE_OBJC_WEAK = YES;
				CLANG_WARN_BLOCK_CAPTURE_AUTORELEASING = YES;
				CLANG_WARN_BOOL_CONVERSION = YES;
				CLANG_WARN_COMMA = YES;
				CLANG_WARN_CONSTANT_CONVERSION = YES;
				CLANG_WARN_DEPRECATED_OBJC_IMPLEMENTATIONS = YES;
				CLANG_WARN_DIRECT_OBJC_ISA_USAGE = YES_ERROR;
				CLANG_WARN_DOCUMENTATION_COMMENTS = YES;
				CLANG_WARN_EMPTY_BODY = YES;
				CLANG_WARN_ENUM_CONVERSION = YES;
				CLANG_WARN_INFINITE_RECURSION = YES;
				CLANG_WARN_INT_CONVERSION = YES;
				CLANG_WARN_NON_LITERAL_NULL_CONVERSION = YES;
				CLANG_WARN_OBJC_IMPLICIT_RETAIN_SELF = YES;
				CLANG_WARN_OBJC_LITERAL_CONVERSION = YES;
				CLANG_WARN_OBJC_ROOT_CLASS = YES_ERROR;
				CLANG_WARN_QUOTED_INCLUDE_IN_FRAMEWORK_HEADER = YES;
				CLANG_WARN_RANGE_LOOP_ANALYSIS = YES;
				CLANG_WARN_STRICT_PROTOTYPES = YES;
				CLANG_WARN_SUSPICIOUS_MOVE = YES;
				CLANG_WARN_UNGUARDED_AVAILABILITY = YES_AGGRESSIVE;
				CLANG_WARN_UNREACHABLE_CODE = YES;
				CLANG_WARN__DUPLICATE_METHOD_MATCH = YES;
				COPY_PHASE_STRIP = NO;
				DEBUG_INFORMATION_FORMAT = dwarf;
				ENABLE_STRICT_OBJC_MSGSEND = YES;
				ENABLE_TESTABILITY = YES;
				GCC_C_LANGUAGE_STANDARD = gnu11;
				GCC_DYNAMIC_NO_PIC = NO;
				GCC_NO_COMMON_BLOCKS = YES;
				GCC_OPTIMIZATION_LEVEL = 0;
				GCC_PREPROCESSOR_DEFINITIONS = (
					"$(inherited)",
					"DEBUG=1",
				);
				GCC_WARN_64_TO_32_BIT_CONVERSION = YES;
				GCC_WARN_ABOUT_RETURN_TYPE = YES_ERROR;
				GCC_WARN_UNDECLARED_SELECTOR = YES;
				GCC_WARN_UNINITIALIZED_AUTOS = YES_AGGRESSIVE;
				GCC_WARN_UNUSED_FUNCTION = YES;
				GCC_WARN_UNUSED_VARIABLE = YES;
				MACOSX_DEPLOYMENT_TARGET = 13.0;
				MTL_ENABLE_DEBUG_INFO = INCLUDE_SOURCE;
				MTL_FAST_MATH = YES;
				ONLY_ACTIVE_ARCH = YES;
				PRODUCT_NAME = "$(TARGET_NAME)";
				SDKROOT = macosx;
				SWIFT_ACTIVE_COMPILATION_CONDITIONS = DEBUG;
				SWIFT_OPTIMIZATION_LEVEL = "-Onone";
				SWIFT_VERSION = 5.9;
			};
			name = Debug;
		};
/* End XCBuildConfiguration section */

/* Begin XCConfigurationList section */
		5A6931DE7412D472E27C2808 /* Build configuration list for PBXProject "MouseInverter" */ = {
			isa = XCConfigurationList;
			buildConfigurations = (
				FA7005EA19C319D47E42D344 /* Debug */,
				5689B855992B1EBA2AC2B950 /* Release */,
			);
			defaultConfigurationIsVisible = 0;
			defaultConfigurationName = Debug;
		};
		B5F9CDD196B1A6520ED8F902 /* Build configuration list for PBXNativeTarget "MouseInverter" */ = {
			isa = XCConfigurationList;
			buildConfigurations = (
				AD1D170F10F29C911278F4B6 /* Debug */,
				285AC597A66024F64171381E /* Release */,
			);
			defaultConfigurationIsVisible = 0;
			defaultConfigurationName = Debug;
		};
/* End XCConfigurationList section */
	};
	rootObject = 349640845C71CE5F1F8A23CC /* Project object */;
}
